PODS:
  - cloud_helper (0.0.1):
    - Flutter
  - Flutter (1.0.0)

DEPENDENCIES:
  - cloud_helper (from `.symlinks/plugins/cloud_helper/ios`)
  - Flutter (from `Flutter`)

EXTERNAL SOURCES:
  cloud_helper:
    :path: ".symlinks/plugins/cloud_helper/ios"
  Flutter:
    :path: Flutter

SPEC CHECKSUMS:
  cloud_helper: a60a090d100a8bc72a0f90e584af3dd978e9b6ef
  Flutter: cabc95a1d2626b1b06e7179b784ebcf0c0cde467

PODFILE CHECKSUM: 0dbd5a87e0ace00c9610d2037ac22083a01f861d

COCOAPODS: 1.16.2
